
Microsoft Visual Studio Solution File, Format Version 12.00
Project("{FAE04EC0-301F-11D3-BF4B-00C04F79EFBC}") = "Entities", "Entities\Entities.csproj", "{AE45DD8E-AFCE-4B57-852E-63F8EA625FE9}"
EndProject
Project("{2150E333-8FDC-42A3-9474-1A3956D46DE8}") = "Backend", "Backend", "{01815FC5-79E8-4D0E-B37C-6E4982D6FDA2}"
EndProject
Project("{FAE04EC0-301F-11D3-BF4B-00C04F79EFBC}") = "Database", "Database\Database.csproj", "{354C3B4B-8B90-447C-9833-9F0E36485CDD}"
EndProject
Project("{FAE04EC0-301F-11D3-BF4B-00C04F79EFBC}") = "WebApi", "WebApi\WebApi.csproj", "{9AB1F0BC-6715-4789-8A43-6EB5F4446462}"
EndProject
Project("{2150E333-8FDC-42A3-9474-1A3956D46DE8}") = "Shared", "Shared", "{694EC8C0-9B58-479A-84A3-28A5B8B66FCD}"
EndProject
Project("{FAE04EC0-301F-11D3-BF4B-00C04F79EFBC}") = "DTOs", "DTOs\DTOs.csproj", "{127F91B0-3EAC-4253-B7CD-03B2A946E908}"
EndProject
Project("{2150E333-8FDC-42A3-9474-1A3956D46DE8}") = "Frontend", "Frontend", "{33FAF33F-0AC3-4872-A9EB-C2958F7DAD5E}"
EndProject
Project("{FAE04EC0-301F-11D3-BF4B-00C04F79EFBC}") = "Blazor", "Blazor\Blazor.csproj", "{7EAC6A02-62DA-40CB-8713-6E1DBF6463FB}"
EndProject
Global
	GlobalSection(SolutionConfigurationPlatforms) = preSolution
		Debug|Any CPU = Debug|Any CPU
		Release|Any CPU = Release|Any CPU
	EndGlobalSection
	GlobalSection(ProjectConfigurationPlatforms) = postSolution
		{AE45DD8E-AFCE-4B57-852E-63F8EA625FE9}.Debug|Any CPU.ActiveCfg = Debug|Any CPU
		{AE45DD8E-AFCE-4B57-852E-63F8EA625FE9}.Debug|Any CPU.Build.0 = Debug|Any CPU
		{AE45DD8E-AFCE-4B57-852E-63F8EA625FE9}.Release|Any CPU.ActiveCfg = Release|Any CPU
		{AE45DD8E-AFCE-4B57-852E-63F8EA625FE9}.Release|Any CPU.Build.0 = Release|Any CPU
		{354C3B4B-8B90-447C-9833-9F0E36485CDD}.Debug|Any CPU.ActiveCfg = Debug|Any CPU
		{354C3B4B-8B90-447C-9833-9F0E36485CDD}.Debug|Any CPU.Build.0 = Debug|Any CPU
		{354C3B4B-8B90-447C-9833-9F0E36485CDD}.Release|Any CPU.ActiveCfg = Release|Any CPU
		{354C3B4B-8B90-447C-9833-9F0E36485CDD}.Release|Any CPU.Build.0 = Release|Any CPU
		{9AB1F0BC-6715-4789-8A43-6EB5F4446462}.Debug|Any CPU.ActiveCfg = Debug|Any CPU
		{9AB1F0BC-6715-4789-8A43-6EB5F4446462}.Debug|Any CPU.Build.0 = Debug|Any CPU
		{9AB1F0BC-6715-4789-8A43-6EB5F4446462}.Release|Any CPU.ActiveCfg = Release|Any CPU
		{9AB1F0BC-6715-4789-8A43-6EB5F4446462}.Release|Any CPU.Build.0 = Release|Any CPU
		{127F91B0-3EAC-4253-B7CD-03B2A946E908}.Debug|Any CPU.ActiveCfg = Debug|Any CPU
		{127F91B0-3EAC-4253-B7CD-03B2A946E908}.Debug|Any CPU.Build.0 = Debug|Any CPU
		{127F91B0-3EAC-4253-B7CD-03B2A946E908}.Release|Any CPU.ActiveCfg = Release|Any CPU
		{127F91B0-3EAC-4253-B7CD-03B2A946E908}.Release|Any CPU.Build.0 = Release|Any CPU
		{7EAC6A02-62DA-40CB-8713-6E1DBF6463FB}.Debug|Any CPU.ActiveCfg = Debug|Any CPU
		{7EAC6A02-62DA-40CB-8713-6E1DBF6463FB}.Debug|Any CPU.Build.0 = Debug|Any CPU
		{7EAC6A02-62DA-40CB-8713-6E1DBF6463FB}.Release|Any CPU.ActiveCfg = Release|Any CPU
		{7EAC6A02-62DA-40CB-8713-6E1DBF6463FB}.Release|Any CPU.Build.0 = Release|Any CPU
	EndGlobalSection
	GlobalSection(NestedProjects) = preSolution
		{AE45DD8E-AFCE-4B57-852E-63F8EA625FE9} = {01815FC5-79E8-4D0E-B37C-6E4982D6FDA2}
		{354C3B4B-8B90-447C-9833-9F0E36485CDD} = {01815FC5-79E8-4D0E-B37C-6E4982D6FDA2}
		{9AB1F0BC-6715-4789-8A43-6EB5F4446462} = {01815FC5-79E8-4D0E-B37C-6E4982D6FDA2}
		{127F91B0-3EAC-4253-B7CD-03B2A946E908} = {694EC8C0-9B58-479A-84A3-28A5B8B66FCD}
		{7EAC6A02-62DA-40CB-8713-6E1DBF6463FB} = {33FAF33F-0AC3-4872-A9EB-C2958F7DAD5E}
	EndGlobalSection
EndGlobal
